
Microsoft Visual Studio Solution File, Format Version 12.00
Project("{FAE04EC0-301F-11D3-BF4B-00C04F79EFBC}") = "newStart", "newStart\newStart.csproj", "{AADE44D7-20CF-4C32-B802-1CC1A5261CD2}"
EndProject
Project("{FAE04EC0-301F-11D3-BF4B-00C04F79EFBC}") = "OpenMetaverseTypes", "OpenMetaverseTypes\OpenMetaverseTypes.csproj", "{89CADDE5-54AF-44A1-8783-4EBC858C3C63}"
EndProject
Project("{FAE04EC0-301F-11D3-BF4B-00C04F79EFBC}") = "OpenMetaverse.StructuredData", "OpenMetaverse.StructuredData\OpenMetaverse.StructuredData.csproj", "{5FE921CD-9CF1-40AE-8A65-11AF6298AD25}"
EndProject
Project("{FAE04EC0-301F-11D3-BF4B-00C04F79EFBC}") = "OpenMetaverse", "OpenMetaverse\OpenMetaverse.csproj", "{321E87B4-C1CA-4027-91A9-12B4498881C0}"
EndProject
Project("{FAE04EC0-301F-11D3-BF4B-00C04F79EFBC}") = "GridProxy", "GridProxy\GridProxy.csproj", "{279601D3-BCDB-41FD-8DDC-B11270F3CEC7}"
EndProject
Global
	GlobalSection(SolutionConfigurationPlatforms) = preSolution
		Debug|Any CPU = Debug|Any CPU
		Release|Any CPU = Release|Any CPU
	EndGlobalSection
	GlobalSection(ProjectConfigurationPlatforms) = postSolution
		{AADE44D7-20CF-4C32-B802-1CC1A5261CD2}.Debug|Any CPU.ActiveCfg = Debug|Any CPU
		{AADE44D7-20CF-4C32-B802-1CC1A5261CD2}.Debug|Any CPU.Build.0 = Debug|Any CPU
		{AADE44D7-20CF-4C32-B802-1CC1A5261CD2}.Release|Any CPU.ActiveCfg = Release|Any CPU
		{AADE44D7-20CF-4C32-B802-1CC1A5261CD2}.Release|Any CPU.Build.0 = Release|Any CPU
		{89CADDE5-54AF-44A1-8783-4EBC858C3C63}.Debug|Any CPU.ActiveCfg = Debug|Any CPU
		{89CADDE5-54AF-44A1-8783-4EBC858C3C63}.Debug|Any CPU.Build.0 = Debug|Any CPU
		{89CADDE5-54AF-44A1-8783-4EBC858C3C63}.Release|Any CPU.ActiveCfg = Release|Any CPU
		{89CADDE5-54AF-44A1-8783-4EBC858C3C63}.Release|Any CPU.Build.0 = Release|Any CPU
		{5FE921CD-9CF1-40AE-8A65-11AF6298AD25}.Debug|Any CPU.ActiveCfg = Debug|Any CPU
		{5FE921CD-9CF1-40AE-8A65-11AF6298AD25}.Debug|Any CPU.Build.0 = Debug|Any CPU
		{5FE921CD-9CF1-40AE-8A65-11AF6298AD25}.Release|Any CPU.ActiveCfg = Release|Any CPU
		{5FE921CD-9CF1-40AE-8A65-11AF6298AD25}.Release|Any CPU.Build.0 = Release|Any CPU
		{321E87B4-C1CA-4027-91A9-12B4498881C0}.Debug|Any CPU.ActiveCfg = Debug|Any CPU
		{321E87B4-C1CA-4027-91A9-12B4498881C0}.Debug|Any CPU.Build.0 = Debug|Any CPU
		{321E87B4-C1CA-4027-91A9-12B4498881C0}.Release|Any CPU.ActiveCfg = Release|Any CPU
		{321E87B4-C1CA-4027-91A9-12B4498881C0}.Release|Any CPU.Build.0 = Release|Any CPU
		{279601D3-BCDB-41FD-8DDC-B11270F3CEC7}.Debug|Any CPU.ActiveCfg = Debug|Any CPU
		{279601D3-BCDB-41FD-8DDC-B11270F3CEC7}.Debug|Any CPU.Build.0 = Debug|Any CPU
		{279601D3-BCDB-41FD-8DDC-B11270F3CEC7}.Release|Any CPU.ActiveCfg = Release|Any CPU
		{279601D3-BCDB-41FD-8DDC-B11270F3CEC7}.Release|Any CPU.Build.0 = Release|Any CPU
	EndGlobalSection
EndGlobal
